// !$*UTF8*$!
{
	archiveVersion = 1;
	classes = {
	};
	objectVersion = 51;
	objects = {

/* Begin PBXBuildFile section */
		2D4B91FAD9C34E88B4461878 /* Pods_flixsterTests.framework in Frameworks */ = {isa = PBXBuildFile; fileRef = C25330A2AC96799DEAF0C309 /* Pods_flixsterTests.framework */; };
		685CEB8D6C25585DCDECE6CD /* Pods_flixster_flixsterUITests.framework in Frameworks */ = {isa = PBXBuildFile; fileRef = 10B9AF188F6D4BDD35244B4B /* Pods_flixster_flixsterUITests.framework */; };
		BCD8CC3525D2333B00F82749 /* AppDelegate.swift in Sources */ = {isa = PBXBuildFile; fileRef = BCD8CC3425D2333B00F82749 /* AppDelegate.swift */; };
		BCD8CC3725D2333B00F82749 /* SceneDelegate.swift in Sources */ = {isa = PBXBuildFile; fileRef = BCD8CC3625D2333B00F82749 /* SceneDelegate.swift */; };
		BCD8CC3C25D2333B00F82749 /* Main.storyboard in Resources */ = {isa = PBXBuildFile; fileRef = BCD8CC3A25D2333B00F82749 /* Main.storyboard */; };
		BCD8CC3E25D2333D00F82749 /* Assets.xcassets in Resources */ = {isa = PBXBuildFile; fileRef = BCD8CC3D25D2333D00F82749 /* Assets.xcassets */; };
		BCD8CC4125D2333D00F82749 /* LaunchScreen.storyboard in Resources */ = {isa = PBXBuildFile; fileRef = BCD8CC3F25D2333D00F82749 /* LaunchScreen.storyboard */; };
		BCD8CC4C25D2333E00F82749 /* flixsterTests.swift in Sources */ = {isa = PBXBuildFile; fileRef = BCD8CC4B25D2333E00F82749 /* flixsterTests.swift */; };
		BCD8CC5725D2333E00F82749 /* flixsterUITests.swift in Sources */ = {isa = PBXBuildFile; fileRef = BCD8CC5625D2333E00F82749 /* flixsterUITests.swift */; };
		BCD8CC6B25D234B700F82749 /* MoviesViewController.swift in Sources */ = {isa = PBXBuildFile; fileRef = BCD8CC6A25D234B700F82749 /* MoviesViewController.swift */; };
		BCD8CC7025D244E500F82749 /* MovieCell.swift in Sources */ = {isa = PBXBuildFile; fileRef = BCD8CC6F25D244E500F82749 /* MovieCell.swift */; };
		BCD8CC8025DB08A400F82749 /* MovieDetailsViewController.swift in Sources */ = {isa = PBXBuildFile; fileRef = BCD8CC7F25DB08A400F82749 /* MovieDetailsViewController.swift */; };
		BCD8CC8525DB1D1700F82749 /* MovieGridViewController.swift in Sources */ = {isa = PBXBuildFile; fileRef = BCD8CC8425DB1D1700F82749 /* MovieGridViewController.swift */; };
		BCD8CC8A25DB220B00F82749 /* MovieGridCollectionViewCell.swift in Sources */ = {isa = PBXBuildFile; fileRef = BCD8CC8925DB220B00F82749 /* MovieGridCollectionViewCell.swift */; };
		BCD8CC8F25DB22BE00F82749 /* MovieGridCell.swift in Sources */ = {isa = PBXBuildFile; fileRef = BCD8CC8E25DB22BE00F82749 /* MovieGridCell.swift */; };
		FEEBC2DD968C913CD759F19A /* Pods_flixster.framework in Frameworks */ = {isa = PBXBuildFile; fileRef = 14B9682EAEA83EBBFB7A9782 /* Pods_flixster.framework */; };
/* End PBXBuildFile section */

/* Begin PBXContainerItemProxy section */
		BCD8CC4825D2333E00F82749 /* PBXContainerItemProxy */ = {
			isa = PBXContainerItemProxy;
			containerPortal = BCD8CC2925D2333B00F82749 /* Project object */;
			proxyType = 1;
			remoteGlobalIDString = BCD8CC3025D2333B00F82749;
			remoteInfo = flixster;
		};
		BCD8CC5325D2333E00F82749 /* PBXContainerItemProxy */ = {
			isa = PBXContainerItemProxy;
			containerPortal = BCD8CC2925D2333B00F82749 /* Project object */;
			proxyType = 1;
			remoteGlobalIDString = BCD8CC3025D2333B00F82749;
			remoteInfo = flixster;
		};
/* End PBXContainerItemProxy section */

/* Begin PBXFileReference section */
		10B9AF188F6D4BDD35244B4B /* Pods_flixster_flixsterUITests.framework */ = {isa = PBXFileReference; explicitFileType = wrapper.framework; includeInIndex = 0; path = Pods_flixster_flixsterUITests.framework; sourceTree = BUILT_PRODUCTS_DIR; };
		14B9682EAEA83EBBFB7A9782 /* Pods_flixster.framework */ = {isa = PBXFileReference; explicitFileType = wrapper.framework; includeInIndex = 0; path = Pods_flixster.framework; sourceTree = BUILT_PRODUCTS_DIR; };
		2448CF4261E60876C41B3FBD /* Pods-flixsterTests.debug.xcconfig */ = {isa = PBXFileReference; includeInIndex = 1; lastKnownFileType = text.xcconfig; name = "Pods-flixsterTests.debug.xcconfig"; path = "Target Support Files/Pods-flixsterTests/Pods-flixsterTests.debug.xcconfig"; sourceTree = "<group>"; };
		5D1D83309D15DC780B907978 /* Pods-flixsterTests.release.xcconfig */ = {isa = PBXFileReference; includeInIndex = 1; lastKnownFileType = text.xcconfig; name = "Pods-flixsterTests.release.xcconfig"; path = "Target Support Files/Pods-flixsterTests/Pods-flixsterTests.release.xcconfig"; sourceTree = "<group>"; };
		8DF6D22F2C90B02ACCA80AEE /* Pods-flixster-flixsterUITests.debug.xcconfig */ = {isa = PBXFileReference; includeInIndex = 1; lastKnownFileType = text.xcconfig; name = "Pods-flixster-flixsterUITests.debug.xcconfig"; path = "Target Support Files/Pods-flixster-flixsterUITests/Pods-flixster-flixsterUITests.debug.xcconfig"; sourceTree = "<group>"; };
		A40B425CA324C1400E8B980F /* Pods-flixster-flixsterUITests.release.xcconfig */ = {isa = PBXFileReference; includeInIndex = 1; lastKnownFileType = text.xcconfig; name = "Pods-flixster-flixsterUITests.release.xcconfig"; path = "Target Support Files/Pods-flixster-flixsterUITests/Pods-flixster-flixsterUITests.release.xcconfig"; sourceTree = "<group>"; };
		BA91F5570B7B890A8879DA25 /* Pods-flixster.release.xcconfig */ = {isa = PBXFileReference; includeInIndex = 1; lastKnownFileType = text.xcconfig; name = "Pods-flixster.release.xcconfig"; path = "Target Support Files/Pods-flixster/Pods-flixster.release.xcconfig"; sourceTree = "<group>"; };
		BCD8CC3125D2333B00F82749 /* flixster.app */ = {isa = PBXFileReference; explicitFileType = wrapper.application; includeInIndex = 0; path = flixster.app; sourceTree = BUILT_PRODUCTS_DIR; };
		BCD8CC3425D2333B00F82749 /* AppDelegate.swift */ = {isa = PBXFileReference; lastKnownFileType = sourcecode.swift; path = AppDelegate.swift; sourceTree = "<group>"; };
		BCD8CC3625D2333B00F82749 /* SceneDelegate.swift */ = {isa = PBXFileReference; lastKnownFileType = sourcecode.swift; path = SceneDelegate.swift; sourceTree = "<group>"; };
		BCD8CC3B25D2333B00F82749 /* Base */ = {isa = PBXFileReference; lastKnownFileType = file.storyboard; name = Base; path = Base.lproj/Main.storyboard; sourceTree = "<group>"; };
		BCD8CC3D25D2333D00F82749 /* Assets.xcassets */ = {isa = PBXFileReference; lastKnownFileType = folder.assetcatalog; path = Assets.xcassets; sourceTree = "<group>"; };
		BCD8CC4025D2333D00F82749 /* Base */ = {isa = PBXFileReference; lastKnownFileType = file.storyboard; name = Base; path = Base.lproj/LaunchScreen.storyboard; sourceTree = "<group>"; };
		BCD8CC4225D2333D00F82749 /* Info.plist */ = {isa = PBXFileReference; lastKnownFileType = text.plist.xml; path = Info.plist; sourceTree = "<group>"; };
		BCD8CC4725D2333E00F82749 /* flixsterTests.xctest */ = {isa = PBXFileReference; explicitFileType = wrapper.cfbundle; includeInIndex = 0; path = flixsterTests.xctest; sourceTree = BUILT_PRODUCTS_DIR; };
		BCD8CC4B25D2333E00F82749 /* flixsterTests.swift */ = {isa = PBXFileReference; lastKnownFileType = sourcecode.swift; path = flixsterTests.swift; sourceTree = "<group>"; };
		BCD8CC4D25D2333E00F82749 /* Info.plist */ = {isa = PBXFileReference; lastKnownFileType = text.plist.xml; path = Info.plist; sourceTree = "<group>"; };
		BCD8CC5225D2333E00F82749 /* flixsterUITests.xctest */ = {isa = PBXFileReference; explicitFileType = wrapper.cfbundle; includeInIndex = 0; path = flixsterUITests.xctest; sourceTree = BUILT_PRODUCTS_DIR; };
		BCD8CC5625D2333E00F82749 /* flixsterUITests.swift */ = {isa = PBXFileReference; lastKnownFileType = sourcecode.swift; path = flixsterUITests.swift; sourceTree = "<group>"; };
		BCD8CC5825D2333E00F82749 /* Info.plist */ = {isa = PBXFileReference; lastKnownFileType = text.plist.xml; path = Info.plist; sourceTree = "<group>"; };
		BCD8CC6A25D234B700F82749 /* MoviesViewController.swift */ = {isa = PBXFileReference; lastKnownFileType = sourcecode.swift; path = MoviesViewController.swift; sourceTree = "<group>"; };
		BCD8CC6F25D244E500F82749 /* MovieCell.swift */ = {isa = PBXFileReference; lastKnownFileType = sourcecode.swift; path = MovieCell.swift; sourceTree = "<group>"; };
		BCD8CC7F25DB08A400F82749 /* MovieDetailsViewController.swift */ = {isa = PBXFileReference; lastKnownFileType = sourcecode.swift; path = MovieDetailsViewController.swift; sourceTree = "<group>"; };
		BCD8CC8425DB1D1700F82749 /* MovieGridViewController.swift */ = {isa = PBXFileReference; lastKnownFileType = sourcecode.swift; path = MovieGridViewController.swift; sourceTree = "<group>"; };
		BCD8CC8925DB220B00F82749 /* MovieGridCollectionViewCell.swift */ = {isa = PBXFileReference; lastKnownFileType = sourcecode.swift; path = MovieGridCollectionViewCell.swift; sourceTree = "<group>"; };
		BCD8CC8E25DB22BE00F82749 /* MovieGridCell.swift */ = {isa = PBXFileReference; lastKnownFileType = sourcecode.swift; path = MovieGridCell.swift; sourceTree = "<group>"; };
		C25330A2AC96799DEAF0C309 /* Pods_flixsterTests.framework */ = {isa = PBXFileReference; explicitFileType = wrapper.framework; includeInIndex = 0; path = Pods_flixsterTests.framework; sourceTree = BUILT_PRODUCTS_DIR; };
		F8101A9927FA04FEE0EE9E2D /* Pods-flixster.debug.xcconfig */ = {isa = PBXFileReference; includeInIndex = 1; lastKnownFileType = text.xcconfig; name = "Pods-flixster.debug.xcconfig"; path = "Target Support Files/Pods-flixster/Pods-flixster.debug.xcconfig"; sourceTree = "<group>"; };
/* End PBXFileReference section */

/* Begin PBXFrameworksBuildPhase section */
		BCD8CC2E25D2333B00F82749 /* Frameworks */ = {
			isa = PBXFrameworksBuildPhase;
			buildActionMask = 2147483647;
			files = (
				FEEBC2DD968C913CD759F19A /* Pods_flixster.framework in Frameworks */,
			);
			runOnlyForDeploymentPostprocessing = 0;
		};
		BCD8CC4425D2333E00F82749 /* Frameworks */ = {
			isa = PBXFrameworksBuildPhase;
			buildActionMask = 2147483647;
			files = (
				2D4B91FAD9C34E88B4461878 /* Pods_flixsterTests.framework in Frameworks */,
			);
			runOnlyForDeploymentPostprocessing = 0;
		};
		BCD8CC4F25D2333E00F82749 /* Frameworks */ = {
			isa = PBXFrameworksBuildPhase;
			buildActionMask = 2147483647;
			files = (
				685CEB8D6C25585DCDECE6CD /* Pods_flixster_flixsterUITests.framework in Frameworks */,
			);
			runOnlyForDeploymentPostprocessing = 0;
		};
/* End PBXFrameworksBuildPhase section */

/* Begin PBXGroup section */
		3AE15485F5E632FF670659C3 /* Pods */ = {
			isa = PBXGroup;
			children = (
				F8101A9927FA04FEE0EE9E2D /* Pods-flixster.debug.xcconfig */,
				BA91F5570B7B890A8879DA25 /* Pods-flixster.release.xcconfig */,
				8DF6D22F2C90B02ACCA80AEE /* Pods-flixster-flixsterUITests.debug.xcconfig */,
				A40B425CA324C1400E8B980F /* Pods-flixster-flixsterUITests.release.xcconfig */,
				2448CF4261E60876C41B3FBD /* Pods-flixsterTests.debug.xcconfig */,
				5D1D83309D15DC780B907978 /* Pods-flixsterTests.release.xcconfig */,
			);
			path = Pods;
			sourceTree = "<group>";
		};
		4431A4C614B17B5393246A68 /* Frameworks */ = {
			isa = PBXGroup;
			children = (
				14B9682EAEA83EBBFB7A9782 /* Pods_flixster.framework */,
				10B9AF188F6D4BDD35244B4B /* Pods_flixster_flixsterUITests.framework */,
				C25330A2AC96799DEAF0C309 /* Pods_flixsterTests.framework */,
			);
			name = Frameworks;
			sourceTree = "<group>";
		};
		BCD8CC2825D2333A00F82749 = {
			isa = PBXGroup;
			children = (
				BCD8CC3325D2333B00F82749 /* flixster */,
				BCD8CC4A25D2333E00F82749 /* flixsterTests */,
				BCD8CC5525D2333E00F82749 /* flixsterUITests */,
				BCD8CC3225D2333B00F82749 /* Products */,
				3AE15485F5E632FF670659C3 /* Pods */,
				4431A4C614B17B5393246A68 /* Frameworks */,
			);
			sourceTree = "<group>";
		};
		BCD8CC3225D2333B00F82749 /* Products */ = {
			isa = PBXGroup;
			children = (
				BCD8CC3125D2333B00F82749 /* flixster.app */,
				BCD8CC4725D2333E00F82749 /* flixsterTests.xctest */,
				BCD8CC5225D2333E00F82749 /* flixsterUITests.xctest */,
			);
			name = Products;
			sourceTree = "<group>";
		};
		BCD8CC3325D2333B00F82749 /* flixster */ = {
			isa = PBXGroup;
			children = (
				BCD8CC3425D2333B00F82749 /* AppDelegate.swift */,
				BCD8CC3625D2333B00F82749 /* SceneDelegate.swift */,
				BCD8CC3A25D2333B00F82749 /* Main.storyboard */,
				BCD8CC6F25D244E500F82749 /* MovieCell.swift */,
				BCD8CC3D25D2333D00F82749 /* Assets.xcassets */,
				BCD8CC3F25D2333D00F82749 /* LaunchScreen.storyboard */,
				BCD8CC4225D2333D00F82749 /* Info.plist */,
				BCD8CC6A25D234B700F82749 /* MoviesViewController.swift */,
				BCD8CC7F25DB08A400F82749 /* MovieDetailsViewController.swift */,
				BCD8CC8425DB1D1700F82749 /* MovieGridViewController.swift */,
				BCD8CC8925DB220B00F82749 /* MovieGridCollectionViewCell.swift */,
				BCD8CC8E25DB22BE00F82749 /* MovieGridCell.swift */,
			);
			path = flixster;
			sourceTree = "<group>";
		};
		BCD8CC4A25D2333E00F82749 /* flixsterTests */ = {
			isa = PBXGroup;
			children = (
				BCD8CC4B25D2333E00F82749 /* flixsterTests.swift */,
				BCD8CC4D25D2333E00F82749 /* Info.plist */,
			);
			path = flixsterTests;
			sourceTree = "<group>";
		};
		BCD8CC5525D2333E00F82749 /* flixsterUITests */ = {
			isa = PBXGroup;
			children = (
				BCD8CC5625D2333E00F82749 /* flixsterUITests.swift */,
				BCD8CC5825D2333E00F82749 /* Info.plist */,
			);
			path = flixsterUITests;
			sourceTree = "<group>";
		};
/* End PBXGroup section */

/* Begin PBXNativeTarget section */
		BCD8CC3025D2333B00F82749 /* flixster */ = {
			isa = PBXNativeTarget;
			buildConfigurationList = BCD8CC5B25D2333E00F82749 /* Build configuration list for PBXNativeTarget "flixster" */;
			buildPhases = (
				E4BD6EDA6917C64C2EC39741 /* [CP] Check Pods Manifest.lock */,
				BCD8CC2D25D2333B00F82749 /* Sources */,
				BCD8CC2E25D2333B00F82749 /* Frameworks */,
				BCD8CC2F25D2333B00F82749 /* Resources */,
				F5FB87F2DF3AB6F161AC9827 /* [CP] Embed Pods Frameworks */,
			);
			buildRules = (
			);
			dependencies = (
			);
			name = flixster;
			productName = flixster;
			productReference = BCD8CC3125D2333B00F82749 /* flixster.app */;
			productType = "com.apple.product-type.application";
		};
		BCD8CC4625D2333E00F82749 /* flixsterTests */ = {
			isa = PBXNativeTarget;
			buildConfigurationList = BCD8CC5E25D2333E00F82749 /* Build configuration list for PBXNativeTarget "flixsterTests" */;
			buildPhases = (
				7F819F3742B47DC81ADE9EB3 /* [CP] Check Pods Manifest.lock */,
				BCD8CC4325D2333E00F82749 /* Sources */,
				BCD8CC4425D2333E00F82749 /* Frameworks */,
				BCD8CC4525D2333E00F82749 /* Resources */,
			);
			buildRules = (
			);
			dependencies = (
				BCD8CC4925D2333E00F82749 /* PBXTargetDependency */,
			);
			name = flixsterTests;
			productName = flixsterTests;
			productReference = BCD8CC4725D2333E00F82749 /* flixsterTests.xctest */;
			productType = "com.apple.product-type.bundle.unit-test";
		};
		BCD8CC5125D2333E00F82749 /* flixsterUITests */ = {
			isa = PBXNativeTarget;
			buildConfigurationList = BCD8CC6125D2333E00F82749 /* Build configuration list for PBXNativeTarget "flixsterUITests" */;
			buildPhases = (
				1CE2E8C87748C4E76A24180B /* [CP] Check Pods Manifest.lock */,
				BCD8CC4E25D2333E00F82749 /* Sources */,
				BCD8CC4F25D2333E00F82749 /* Frameworks */,
				BCD8CC5025D2333E00F82749 /* Resources */,
				C07AF697895D3CC8763F5E7E /* [CP] Embed Pods Frameworks */,
			);
			buildRules = (
			);
			dependencies = (
				BCD8CC5425D2333E00F82749 /* PBXTargetDependency */,
			);
			name = flixsterUITests;
			productName = flixsterUITests;
			productReference = BCD8CC5225D2333E00F82749 /* flixsterUITests.xctest */;
			productType = "com.apple.product-type.bundle.ui-testing";
		};
/* End PBXNativeTarget section */

/* Begin PBXProject section */
		BCD8CC2925D2333B00F82749 /* Project object */ = {
			isa = PBXProject;
			attributes = {
				LastSwiftUpdateCheck = 1240;
				LastUpgradeCheck = 1240;
				TargetAttributes = {
					BCD8CC3025D2333B00F82749 = {
						CreatedOnToolsVersion = 12.4;
					};
					BCD8CC4625D2333E00F82749 = {
						CreatedOnToolsVersion = 12.4;
						TestTargetID = BCD8CC3025D2333B00F82749;
					};
					BCD8CC5125D2333E00F82749 = {
						CreatedOnToolsVersion = 12.4;
						TestTargetID = BCD8CC3025D2333B00F82749;
					};
				};
			};
			buildConfigurationList = BCD8CC2C25D2333B00F82749 /* Build configuration list for PBXProject "flixster" */;
			compatibilityVersion = "Xcode 9.3";
			developmentRegion = en;
			hasScannedForEncodings = 0;
			knownRegions = (
				en,
				Base,
			);
			mainGroup = BCD8CC2825D2333A00F82749;
			productRefGroup = BCD8CC3225D2333B00F82749 /* Products */;
			projectDirPath = "";
			projectRoot = "";
			targets = (
				BCD8CC3025D2333B00F82749 /* flixster */,
				BCD8CC4625D2333E00F82749 /* flixsterTests */,
				BCD8CC5125D2333E00F82749 /* flixsterUITests */,
			);
		};
/* End PBXProject section */

/* Begin PBXResourcesBuildPhase section */
		BCD8CC2F25D2333B00F82749 /* Resources */ = {
			isa = PBXResourcesBuildPhase;
			buildActionMask = 2147483647;
			files = (
				BCD8CC4125D2333D00F82749 /* LaunchScreen.storyboard in Resources */,
				BCD8CC3E25D2333D00F82749 /* Assets.xcassets in Resources */,
				BCD8CC3C25D2333B00F82749 /* Main.storyboard in Resources */,
			);
			runOnlyForDeploymentPostprocessing = 0;
		};
		BCD8CC4525D2333E00F82749 /* Resources */ = {
			isa = PBXResourcesBuildPhase;
			buildActionMask = 2147483647;
			files = (
			);
			runOnlyForDeploymentPostprocessing = 0;
		};
		BCD8CC5025D2333E00F82749 /* Resources */ = {
			isa = PBXResourcesBuildPhase;
			buildActionMask = 2147483647;
			files = (
			);
			runOnlyForDeploymentPostprocessing = 0;
		};
/* End PBXResourcesBuildPhase section */

/* Begin PBXShellScriptBuildPhase section */
		1CE2E8C87748C4E76A24180B /* [CP] Check Pods Manifest.lock */ = {
			isa = PBXShellScriptBuildPhase;
			buildActionMask = 2147483647;
			files = (
			);
			inputFileListPaths = (
			);
			inputPaths = (
				"${PODS_PODFILE_DIR_PATH}/Podfile.lock",
				"${PODS_ROOT}/Manifest.lock",
			);
			name = "[CP] Check Pods Manifest.lock";
			outputFileListPaths = (
			);
			outputPaths = (
				"$(DERIVED_FILE_DIR)/Pods-flixster-flixsterUITests-checkManifestLockResult.txt",
			);
			runOnlyForDeploymentPostprocessing = 0;
			shellPath = /bin/sh;
			shellScript = "diff \"${PODS_PODFILE_DIR_PATH}/Podfile.lock\" \"${PODS_ROOT}/Manifest.lock\" > /dev/null\nif [ $? != 0 ] ; then\n    # print error to STDERR\n    echo \"error: The sandbox is not in sync with the Podfile.lock. Run 'pod install' or update your CocoaPods installation.\" >&2\n    exit 1\nfi\n# This output is used by Xcode 'outputs' to avoid re-running this script phase.\necho \"SUCCESS\" > \"${SCRIPT_OUTPUT_FILE_0}\"\n";
			showEnvVarsInLog = 0;
		};
		7F819F3742B47DC81ADE9EB3 /* [CP] Check Pods Manifest.lock */ = {
			isa = PBXShellScriptBuildPhase;
			buildActionMask = 2147483647;
			files = (
			);
			inputFileListPaths = (
			);
			inputPaths = (
				"${PODS_PODFILE_DIR_PATH}/Podfile.lock",
				"${PODS_ROOT}/Manifest.lock",
			);
			name = "[CP] Check Pods Manifest.lock";
			outputFileListPaths = (
			);
			outputPaths = (
				"$(DERIVED_FILE_DIR)/Pods-flixsterTests-checkManifestLockResult.txt",
			);
			runOnlyForDeploymentPostprocessing = 0;
			shellPath = /bin/sh;
			shellScript = "diff \"${PODS_PODFILE_DIR_PATH}/Podfile.lock\" \"${PODS_ROOT}/Manifest.lock\" > /dev/null\nif [ $? != 0 ] ; then\n    # print error to STDERR\n    echo \"error: The sandbox is not in sync with the Podfile.lock. Run 'pod install' or update your CocoaPods installation.\" >&2\n    exit 1\nfi\n# This output is used by Xcode 'outputs' to avoid re-running this script phase.\necho \"SUCCESS\" > \"${SCRIPT_OUTPUT_FILE_0}\"\n";
			showEnvVarsInLog = 0;
		};
		C07AF697895D3CC8763F5E7E /* [CP] Embed Pods Frameworks */ = {
			isa = PBXShellScriptBuildPhase;
			buildActionMask = 2147483647;
			files = (
			);
			inputFileListPaths = (
				"${PODS_ROOT}/Target Support Files/Pods-flixster-flixsterUITests/Pods-flixster-flixsterUITests-frameworks-${CONFIGURATION}-input-files.xcfilelist",
			);
			name = "[CP] Embed Pods Frameworks";
			outputFileListPaths = (
				"${PODS_ROOT}/Target Support Files/Pods-flixster-flixsterUITests/Pods-flixster-flixsterUITests-frameworks-${CONFIGURATION}-output-files.xcfilelist",
			);
			runOnlyForDeploymentPostprocessing = 0;
			shellPath = /bin/sh;
			shellScript = "\"${PODS_ROOT}/Target Support Files/Pods-flixster-flixsterUITests/Pods-flixster-flixsterUITests-frameworks.sh\"\n";
			showEnvVarsInLog = 0;
		};
		E4BD6EDA6917C64C2EC39741 /* [CP] Check Pods Manifest.lock */ = {
			isa = PBXShellScriptBuildPhase;
			buildActionMask = 2147483647;
			files = (
			);
			inputFileListPaths = (
			);
			inputPaths = (
				"${PODS_PODFILE_DIR_PATH}/Podfile.lock",
				"${PODS_ROOT}/Manifest.lock",
			);
			name = "[CP] Check Pods Manifest.lock";
			outputFileListPaths = (
			);
			outputPaths = (
				"$(DERIVED_FILE_DIR)/Pods-flixster-checkManifestLockResult.txt",
			);
			runOnlyForDeploymentPostprocessing = 0;
			shellPath = /bin/sh;
			shellScript = "diff \"${PODS_PODFILE_DIR_PATH}/Podfile.lock\" \"${PODS_ROOT}/Manifest.lock\" > /dev/null\nif [ $? != 0 ] ; then\n    # print error to STDERR\n    echo \"error: The sandbox is not in sync with the Podfile.lock. Run 'pod install' or update your CocoaPods installation.\" >&2\n    exit 1\nfi\n# This output is used by Xcode 'outputs' to avoid re-running this script phase.\necho \"SUCCESS\" > \"${SCRIPT_OUTPUT_FILE_0}\"\n";
			showEnvVarsInLog = 0;
		};
		F5FB87F2DF3AB6F161AC9827 /* [CP] Embed Pods Frameworks */ = {
			isa = PBXShellScriptBuildPhase;
			buildActionMask = 2147483647;
			files = (
			);
			inputFileListPaths = (
				"${PODS_ROOT}/Target Support Files/Pods-flixster/Pods-flixster-frameworks-${CONFIGURATION}-input-files.xcfilelist",
			);
			name = "[CP] Embed Pods Frameworks";
			outputFileListPaths = (
				"${PODS_ROOT}/Target Support Files/Pods-flixster/Pods-flixster-frameworks-${CONFIGURATION}-output-files.xcfilelist",
			);
			runOnlyForDeploymentPostprocessing = 0;
			shellPath = /bin/sh;
			shellScript = "\"${PODS_ROOT}/Target Support Files/Pods-flixster/Pods-flixster-frameworks.sh\"\n";
			showEnvVarsInLog = 0;
		};
/* End PBXShellScriptBuildPhase section */

/* Begin PBXSourcesBuildPhase section */
		BCD8CC2D25D2333B00F82749 /* Sources */ = {
			isa = PBXSourcesBuildPhase;
			buildActionMask = 2147483647;
			files = (
				BCD8CC8A25DB220B00F82749 /* MovieGridCollectionViewCell.swift in Sources */,
				BCD8CC8025DB08A400F82749 /* MovieDetailsViewController.swift in Sources */,
				BCD8CC3525D2333B00F82749 /* AppDelegate.swift in Sources */,
				BCD8CC3725D2333B00F82749 /* SceneDelegate.swift in Sources */,
				BCD8CC8F25DB22BE00F82749 /* MovieGridCell.swift in Sources */,
				BCD8CC7025D244E500F82749 /* MovieCell.swift in Sources */,
				BCD8CC6B25D234B700F82749 /* MoviesViewController.swift in Sources */,
				BCD8CC8525DB1D1700F82749 /* MovieGridViewController.swift in Sources */,
			);
			runOnlyForDeploymentPostprocessing = 0;
		};
		BCD8CC4325D2333E00F82749 /* Sources */ = {
			isa = PBXSourcesBuildPhase;
			buildActionMask = 2147483647;
			files = (
				BCD8CC4C25D2333E00F82749 /* flixsterTests.swift in Sources */,
			);
			runOnlyForDeploymentPostprocessing = 0;
		};
		BCD8CC4E25D2333E00F82749 /* Sources */ = {
			isa = PBXSourcesBuildPhase;
			buildActionMask = 2147483647;
			files = (
				BCD8CC5725D2333E00F82749 /* flixsterUITests.swift in Sources */,
			);
			runOnlyForDeploymentPostprocessing = 0;
		};
/* End PBXSourcesBuildPhase section */

/* Begin PBXTargetDependency section */
		BCD8CC4925D2333E00F82749 /* PBXTargetDependency */ = {
			isa = PBXTargetDependency;
			target = BCD8CC3025D2333B00F82749 /* flixster */;
			targetProxy = BCD8CC4825D2333E00F82749 /* PBXContainerItemProxy */;
		};
		BCD8CC5425D2333E00F82749 /* PBXTargetDependency */ = {
			isa = PBXTargetDependency;
			target = BCD8CC3025D2333B00F82749 /* flixster */;
			targetProxy = BCD8CC5325D2333E00F82749 /* PBXContainerItemProxy */;
		};
/* End PBXTargetDependency section */

/* Begin PBXVariantGroup section */
		BCD8CC3A25D2333B00F82749 /* Main.storyboard */ = {
			isa = PBXVariantGroup;
			children = (
				BCD8CC3B25D2333B00F82749 /* Base */,
			);
			name = Main.storyboard;
			sourceTree = "<group>";
		};
		BCD8CC3F25D2333D00F82749 /* LaunchScreen.storyboard */ = {
			isa = PBXVariantGroup;
			children = (
				BCD8CC4025D2333D00F82749 /* Base */,
			);
			name = LaunchScreen.storyboard;
			sourceTree = "<group>";
		};
/* End PBXVariantGroup section */

/* Begin XCBuildConfiguration section */
		BCD8CC5925D2333E00F82749 /* Debug */ = {
			isa = XCBuildConfiguration;
			buildSettings = {
				ALWAYS_SEARCH_USER_PATHS = NO;
				CLANG_ANALYZER_NONNULL = YES;
				CLANG_ANALYZER_NUMBER_OBJECT_CONVERSION = YES_AGGRESSIVE;
				CLANG_CXX_LANGUAGE_STANDARD = "gnu++14";
				CLANG_CXX_LIBRARY = "libc++";
				CLANG_ENABLE_MODULES = YES;
				CLANG_ENABLE_OBJC_ARC = YES;
				CLANG_ENABLE_OBJC_WEAK = YES;
				CLANG_WARN_BLOCK_CAPTURE_AUTORELEASING = YES;
				CLANG_WARN_BOOL_CONVERSION = YES;
				CLANG_WARN_COMMA = YES;
				CLANG_WARN_CONSTANT_CONVERSION = YES;
				CLANG_WARN_DEPRECATED_OBJC_IMPLEMENTATIONS = YES;
				CLANG_WARN_DIRECT_OBJC_ISA_USAGE = YES_ERROR;
				CLANG_WARN_DOCUMENTATION_COMMENTS = YES;
				CLANG_WARN_EMPTY_BODY = YES;
				CLANG_WARN_ENUM_CONVERSION = YES;
				CLANG_WARN_INFINITE_RECURSION = YES;
				CLANG_WARN_INT_CONVERSION = YES;
				CLANG_WARN_NON_LITERAL_NULL_CONVERSION = YES;
				CLANG_WARN_OBJC_IMPLICIT_RETAIN_SELF = YES;
				CLANG_WARN_OBJC_LITERAL_CONVERSION = YES;
				CLANG_WARN_OBJC_ROOT_CLASS = YES_ERROR;
				CLANG_WARN_QUOTED_INCLUDE_IN_FRAMEWORK_HEADER = YES;
				CLANG_WARN_RANGE_LOOP_ANALYSIS = YES;
				CLANG_WARN_STRICT_PROTOTYPES = YES;
				CLANG_WARN_SUSPICIOUS_MOVE = YES;
				CLANG_WARN_UNGUARDED_AVAILABILITY = YES_AGGRESSIVE;
				CLANG_WARN_UNREACHABLE_CODE = YES;
				CLANG_WARN__DUPLICATE_METHOD_MATCH = YES;
				COPY_PHASE_STRIP = NO;
				DEBUG_INFORMATION_FORMAT = dwarf;
				ENABLE_STRICT_OBJC_MSGSEND = YES;
				ENABLE_TESTABILITY = YES;
				GCC_C_LANGUAGE_STANDARD = gnu11;
				GCC_DYNAMIC_NO_PIC = NO;
				GCC_NO_COMMON_BLOCKS = YES;
				GCC_OPTIMIZATION_LEVEL = 0;
				GCC_PREPROCESSOR_DEFINITIONS = (
					"DEBUG=1",
					"$(inherited)",
				);
				GCC_WARN_64_TO_32_BIT_CONVERSION = YES;
				GCC_WARN_ABOUT_RETURN_TYPE = YES_ERROR;
				GCC_WARN_UNDECLARED_SELECTOR = YES;
				GCC_WARN_UNINITIALIZED_AUTOS = YES_AGGRESSIVE;
				GCC_WARN_UNUSED_FUNCTION = YES;
				GCC_WARN_UNUSED_VARIABLE = YES;
				IPHONEOS_DEPLOYMENT_TARGET = 14.4;
				MTL_ENABLE_DEBUG_INFO = INCLUDE_SOURCE;
				MTL_FAST_MATH = YES;
				ONLY_ACTIVE_ARCH = YES;
				SDKROOT = iphoneos;
				SWIFT_ACTIVE_COMPILATION_CONDITIONS = DEBUG;
				SWIFT_OPTIMIZATION_LEVEL = "-Onone";
			};
			name = Debug;
		};
		BCD8CC5A25D2333E00F82749 /* Release */ = {
			isa = XCBuildConfiguration;
			buildSettings = {
				ALWAYS_SEARCH_USER_PATHS = NO;
				CLANG_ANALYZER_NONNULL = YES;
				CLANG_ANALYZER_NUMBER_OBJECT_CONVERSION = YES_AGGRESSIVE;
				CLANG_CXX_LANGUAGE_STANDARD = "gnu++14";
				CLANG_CXX_LIBRARY = "libc++";
				CLANG_ENABLE_MODULES = YES;
				CLANG_ENABLE_OBJC_ARC = YES;
				CLANG_ENABLE_OBJC_WEAK = YES;
				CLANG_WARN_BLOCK_CAPTURE_AUTORELEASING = YES;
				CLANG_WARN_BOOL_CONVERSION = YES;
				CLANG_WARN_COMMA = YES;
				CLANG_WARN_CONSTANT_CONVERSION = YES;
				CLANG_WARN_DEPRECATED_OBJC_IMPLEMENTATIONS = YES;
				CLANG_WARN_DIRECT_OBJC_ISA_USAGE = YES_ERROR;
				CLANG_WARN_DOCUMENTATION_COMMENTS = YES;
				CLANG_WARN_EMPTY_BODY = YES;
				CLANG_WARN_ENUM_CONVERSION = YES;
				CLANG_WARN_INFINITE_RECURSION = YES;
				CLANG_WARN_INT_CONVERSION = YES;
				CLANG_WARN_NON_LITERAL_NULL_CONVERSION = YES;
				CLANG_WARN_OBJC_IMPLICIT_RETAIN_SELF = YES;
				CLANG_WARN_OBJC_LITERAL_CONVERSION = YES;
				CLANG_WARN_OBJC_ROOT_CLASS = YES_ERROR;
				CLANG_WARN_QUOTED_INCLUDE_IN_FRAMEWORK_HEADER = YES;
				CLANG_WARN_RANGE_LOOP_ANALYSIS = YES;
				CLANG_WARN_STRICT_PROTOTYPES = YES;
				CLANG_WARN_SUSPICIOUS_MOVE = YES;
				CLANG_WARN_UNGUARDED_AVAILABILITY = YES_AGGRESSIVE;
				CLANG_WARN_UNREACHABLE_CODE = YES;
				CLANG_WARN__DUPLICATE_METHOD_MATCH = YES;
				COPY_PHASE_STRIP = NO;
				DEBUG_INFORMATION_FORMAT = "dwarf-with-dsym";
				ENABLE_NS_ASSERTIONS = NO;
				ENABLE_STRICT_OBJC_MSGSEND = YES;
				GCC_C_LANGUAGE_STANDARD = gnu11;
				GCC_NO_COMMON_BLOCKS = YES;
				GCC_WARN_64_TO_32_BIT_CONVERSION = YES;
				GCC_WARN_ABOUT_RETURN_TYPE = YES_ERROR;
				GCC_WARN_UNDECLARED_SELECTOR = YES;
				GCC_WARN_UNINITIALIZED_AUTOS = YES_AGGRESSIVE;
				GCC_WARN_UNUSED_FUNCTION = YES;
				GCC_WARN_UNUSED_VARIABLE = YES;
				IPHONEOS_DEPLOYMENT_TARGET = 14.4;
				MTL_ENABLE_DEBUG_INFO = NO;
				MTL_FAST_MATH = YES;
				SDKROOT = iphoneos;
				SWIFT_COMPILATION_MODE = wholemodule;
				SWIFT_OPTIMIZATION_LEVEL = "-O";
				VALIDATE_PRODUCT = YES;
			};
			name = Release;
		};
		BCD8CC5C25D2333E00F82749 /* Debug */ = {
			isa = XCBuildConfiguration;
			baseConfigurationReference = F8101A9927FA04FEE0EE9E2D /* Pods-flixster.debug.xcconfig */;
			buildSettings = {
				ASSETCATALOG_COMPILER_APPICON_NAME = AppIcon;
				ASSETCATALOG_COMPILER_GLOBAL_ACCENT_COLOR_NAME = AccentColor;
				CODE_SIGN_STYLE = Automatic;
				INFOPLIST_FILE = flixster/Info.plist;
				LD_RUNPATH_SEARCH_PATHS = (
					"$(inherited)",
					"@executable_path/Frameworks",
				);
				PRODUCT_BUNDLE_IDENTIFIER = com.dianadavalos.flixster;
				PRODUCT_NAME = "$(TARGET_NAME)";
				SWIFT_VERSION = 5.0;
				TARGETED_DEVICE_FAMILY = "1,2";
			};
			name = Debug;
		};
		BCD8CC5D25D2333E00F82749 /* Release */ = {
			isa = XCBuildConfiguration;
			baseConfigurationReference = BA91F5570B7B890A8879DA25 /* Pods-flixster.release.xcconfig */;
			buildSettings = {
				ASSETCATALOG_COMPILER_APPICON_NAME = AppIcon;
				ASSETCATALOG_COMPILER_GLOBAL_ACCENT_COLOR_NAME = AccentColor;
				CODE_SIGN_STYLE = Automatic;
				INFOPLIST_FILE = flixster/Info.plist;
				LD_RUNPATH_SEARCH_PATHS = (
					"$(inherited)",
					"@executable_path/Frameworks",
				);
				PRODUCT_BUNDLE_IDENTIFIER = com.dianadavalos.flixster;
				PRODUCT_NAME = "$(TARGET_NAME)";
				SWIFT_VERSION = 5.0;
				TARGETED_DEVICE_FAMILY = "1,2";
			};
			name = Release;
		};
		BCD8CC5F25D2333E00F82749 /* Debug */ = {
			isa = XCBuildConfiguration;
			baseConfigurationReference = 2448CF4261E60876C41B3FBD /* Pods-flixsterTests.debug.xcconfig */;
			buildSettings = {
				ALWAYS_EMBED_SWIFT_STANDARD_LIBRARIES = YES;
				BUNDLE_LOADER = "$(TEST_HOST)";
				CODE_SIGN_STYLE = Automatic;
				INFOPLIST_FILE = flixsterTests/Info.plist;
				IPHONEOS_DEPLOYMENT_TARGET = 14.4;
				LD_RUNPATH_SEARCH_PATHS = (
					"$(inherited)",
					"@executable_path/Frameworks",
					"@loader_path/Frameworks",
				);
				PRODUCT_BUNDLE_IDENTIFIER = com.dianadavalos.flixsterTests;
				PRODUCT_NAME = "$(TARGET_NAME)";
				SWIFT_VERSION = 5.0;
				TARGETED_DEVICE_FAMILY = "1,2";
				TEST_HOST = "$(BUILT_PRODUCTS_DIR)/flixster.app/flixster";
			};
			name = Debug;
		};
		BCD8CC6025D2333E00F82749 /* Release */ = {
			isa = XCBuildConfiguration;
			baseConfigurationReference = 5D1D83309D15DC780B907978 /* Pods-flixsterTests.release.xcconfig */;
			buildSettings = {
				ALWAYS_EMBED_SWIFT_STANDARD_LIBRARIES = YES;
				BUNDLE_LOADER = "$(TEST_HOST)";
				CODE_SIGN_STYLE = Automatic;
				INFOPLIST_FILE = flixsterTests/Info.plist;
				IPHONEOS_DEPLOYMENT_TARGET = 14.4;
				LD_RUNPATH_SEARCH_PATHS = (
					"$(inherited)",
					"@executable_path/Frameworks",
					"@loader_path/Frameworks",
				);
				PRODUCT_BUNDLE_IDENTIFIER = com.dianadavalos.flixsterTests;
				PRODUCT_NAME = "$(TARGET_NAME)";
				SWIFT_VERSION = 5.0;
				TARGETED_DEVICE_FAMILY = "1,2";
				TEST_HOST = "$(BUILT_PRODUCTS_DIR)/flixster.app/flixster";
			};
			name = Release;
		};
		BCD8CC6225D2333E00F82749 /* Debug */ = {
			isa = XCBuildConfiguration;
			baseConfigurationReference = 8DF6D22F2C90B02ACCA80AEE /* Pods-flixster-flixsterUITests.debug.xcconfig */;
			buildSettings = {
				ALWAYS_EMBED_SWIFT_STANDARD_LIBRARIES = YES;
				CODE_SIGN_STYLE = Automatic;
				INFOPLIST_FILE = flixsterUITests/Info.plist;
				LD_RUNPATH_SEARCH_PATHS = (
					"$(inherited)",
					"@executable_path/Frameworks",
					"@loader_path/Frameworks",
				);
				PRODUCT_BUNDLE_IDENTIFIER = com.dianadavalos.flixsterUITests;
				PRODUCT_NAME = "$(TARGET_NAME)";
				SWIFT_VERSION = 5.0;
				TARGETED_DEVICE_FAMILY = "1,2";
				TEST_TARGET_NAME = flixster;
			};
			name = Debug;
		};
		BCD8CC6325D2333E00F82749 /* Release */ = {
			isa = XCBuildConfiguration;
			baseConfigurationReference = A40B425CA324C1400E8B980F /* Pods-flixster-flixsterUITests.release.xcconfig */;
			buildSettings = {
				ALWAYS_EMBED_SWIFT_STANDARD_LIBRARIES = YES;
				CODE_SIGN_STYLE = Automatic;
				INFOPLIST_FILE = flixsterUITests/Info.plist;
				LD_RUNPATH_SEARCH_PATHS = (
					"$(inherited)",
					"@executable_path/Frameworks",
					"@loader_path/Frameworks",
				);
				PRODUCT_BUNDLE_IDENTIFIER = com.dianadavalos.flixsterUITests;
				PRODUCT_NAME = "$(TARGET_NAME)";
				SWIFT_VERSION = 5.0;
				TARGETED_DEVICE_FAMILY = "1,2";
				TEST_TARGET_NAME = flixster;
			};
			name = Release;
		};
/* End XCBuildConfiguration section */

/* Begin XCConfigurationList section */
		BCD8CC2C25D2333B00F82749 /* Build configuration list for PBXProject "flixster" */ = {
			isa = XCConfigurationList;
			buildConfigurations = (
				BCD8CC5925D2333E00F82749 /* Debug */,
				BCD8CC5A25D2333E00F82749 /* Release */,
			);
			defaultConfigurationIsVisible = 0;
			defaultConfigurationName = Release;
		};
		BCD8CC5B25D2333E00F82749 /* Build configuration list for PBXNativeTarget "flixster" */ = {
			isa = XCConfigurationList;
			buildConfigurations = (
				BCD8CC5C25D2333E00F82749 /* Debug */,
				BCD8CC5D25D2333E00F82749 /* Release */,
			);
			defaultConfigurationIsVisible = 0;
			defaultConfigurationName = Release;
		};
		BCD8CC5E25D2333E00F82749 /* Build configuration list for PBXNativeTarget "flixsterTests" */ = {
			isa = XCConfigurationList;
			buildConfigurations = (
				BCD8CC5F25D2333E00F82749 /* Debug */,
				BCD8CC6025D2333E00F82749 /* Release */,
			);
			defaultConfigurationIsVisible = 0;
			defaultConfigurationName = Release;
		};
		BCD8CC6125D2333E00F82749 /* Build configuration list for PBXNativeTarget "flixsterUITests" */ = {
			isa = XCConfigurationList;
			buildConfigurations = (
				BCD8CC6225D2333E00F82749 /* Debug */,
				BCD8CC6325D2333E00F82749 /* Release */,
			);
			defaultConfigurationIsVisible = 0;
			defaultConfigurationName = Release;
		};
/* End XCConfigurationList section */
	};
	rootObject = BCD8CC2925D2333B00F82749 /* Project object */;
}
